
Microsoft Visual Studio Solution File, Format Version 12.00
# Visual Studio 15
VisualStudioVersion = 15.0.28010.2026
MinimumVisualStudioVersion = 10.0.40219.1
Project("{FAE04EC0-301F-11D3-BF4B-00C04F79EFBC}") = "ML_try_1", "ML_try_1\ML_try_1.csproj", "{C30A7BE2-51CC-482F-8AE6-819FE6EBC267}"
EndProject
Global
	GlobalSection(SolutionConfigurationPlatforms) = preSolution
		Debug|Any CPU = Debug|Any CPU
		Release|Any CPU = Release|Any CPU
	EndGlobalSection
	GlobalSection(ProjectConfigurationPlatforms) = postSolution
		{C30A7BE2-51CC-482F-8AE6-819FE6EBC267}.Debug|Any CPU.ActiveCfg = Debug|Any CPU
		{C30A7BE2-51CC-482F-8AE6-819FE6EBC267}.Debug|Any CPU.Build.0 = Debug|Any CPU
		{C30A7BE2-51CC-482F-8AE6-819FE6EBC267}.Release|Any CPU.ActiveCfg = Release|Any CPU
		{C30A7BE2-51CC-482F-8AE6-819FE6EBC267}.Release|Any CPU.Build.0 = Release|Any CPU
	EndGlobalSection
	GlobalSection(SolutionProperties) = preSolution
		HideSolutionNode = FALSE
	EndGlobalSection
	GlobalSection(ExtensibilityGlobals) = postSolution
		SolutionGuid = {C299B9A7-5214-41FD-A51A-997E0B534CE3}
	EndGlobalSection
EndGlobal
