
Microsoft Visual Studio Solution File, Format Version 12.00
# Visual Studio 15
VisualStudioVersion = 15.0.28010.2026
MinimumVisualStudioVersion = 10.0.40219.1
Project("{FAE04EC0-301F-11D3-BF4B-00C04F79EFBC}") = "snake", "snake\snake.csproj", "{C7B65FFB-EADF-4776-93BF-8CFE9055422D}"
EndProject
Global
	GlobalSection(SolutionConfigurationPlatforms) = preSolution
		Debug|Any CPU = Debug|Any CPU
		Release|Any CPU = Release|Any CPU
	EndGlobalSection
	GlobalSection(ProjectConfigurationPlatforms) = postSolution
		{C7B65FFB-EADF-4776-93BF-8CFE9055422D}.Debug|Any CPU.ActiveCfg = Debug|Any CPU
		{C7B65FFB-EADF-4776-93BF-8CFE9055422D}.Debug|Any CPU.Build.0 = Debug|Any CPU
		{C7B65FFB-EADF-4776-93BF-8CFE9055422D}.Release|Any CPU.ActiveCfg = Release|Any CPU
		{C7B65FFB-EADF-4776-93BF-8CFE9055422D}.Release|Any CPU.Build.0 = Release|Any CPU
	EndGlobalSection
	GlobalSection(SolutionProperties) = preSolution
		HideSolutionNode = FALSE
	EndGlobalSection
	GlobalSection(ExtensibilityGlobals) = postSolution
		SolutionGuid = {F006E63F-EFA4-4EA5-A98A-3BE8BD4E8662}
	EndGlobalSection
EndGlobal
